
Microsoft Visual Studio Solution File, Format Version 12.00
# Visual Studio 2017
Project("{FAE04EC0-301F-11D3-BF4B-00C04F79EFBC}") = "PaintJam", "PaintJam.csproj", "{C7B238DD-1F0A-FD54-0A62-0A87F753A5DC}"
EndProject
Global
	GlobalSection(SolutionConfigurationPlatforms) = preSolution
		Debug|Any CPU = Debug|Any CPU
		Release|Any CPU = Release|Any CPU
	EndGlobalSection
	GlobalSection(ProjectConfigurationPlatforms) = postSolution
		{C7B238DD-1F0A-FD54-0A62-0A87F753A5DC}.Debug|Any CPU.ActiveCfg = Debug|Any CPU
		{C7B238DD-1F0A-FD54-0A62-0A87F753A5DC}.Debug|Any CPU.Build.0 = Debug|Any CPU
		{C7B238DD-1F0A-FD54-0A62-0A87F753A5DC}.Release|Any CPU.ActiveCfg = Release|Any CPU
		{C7B238DD-1F0A-FD54-0A62-0A87F753A5DC}.Release|Any CPU.Build.0 = Release|Any CPU
	EndGlobalSection
	GlobalSection(SolutionProperties) = preSolution
		HideSolutionNode = FALSE
	EndGlobalSection
EndGlobal
